
Microsoft Visual Studio Solution File, Format Version 12.00
# Visual Studio Version 16
VisualStudioVersion = 16.0.31005.135
MinimumVisualStudioVersion = 10.0.40219.1
Project("{FAE04EC0-301F-11D3-BF4B-00C04F79EFBC}") = "examen2", "examen2\examen2.csproj", "{A6E82441-0265-4517-B47E-9948368D9E5B}"
EndProject
Global
	GlobalSection(SolutionConfigurationPlatforms) = preSolution
		Debug|Any CPU = Debug|Any CPU
		Release|Any CPU = Release|Any CPU
	EndGlobalSection
	GlobalSection(ProjectConfigurationPlatforms) = postSolution
		{A6E82441-0265-4517-B47E-9948368D9E5B}.Debug|Any CPU.ActiveCfg = Debug|Any CPU
		{A6E82441-0265-4517-B47E-9948368D9E5B}.Debug|Any CPU.Build.0 = Debug|Any CPU
		{A6E82441-0265-4517-B47E-9948368D9E5B}.Release|Any CPU.ActiveCfg = Release|Any CPU
		{A6E82441-0265-4517-B47E-9948368D9E5B}.Release|Any CPU.Build.0 = Release|Any CPU
	EndGlobalSection
	GlobalSection(SolutionProperties) = preSolution
		HideSolutionNode = FALSE
	EndGlobalSection
	GlobalSection(ExtensibilityGlobals) = postSolution
		SolutionGuid = {3315E690-53A2-4C40-A8A2-F6B301DF25A6}
	EndGlobalSection
EndGlobal
